
Microsoft Visual Studio Solution File, Format Version 12.00
# Visual Studio Version 17
VisualStudioVersion = 17.5.002.0
MinimumVisualStudioVersion = 10.0.40219.1
Project("{9A19103F-16F7-4668-BE54-9A1E7A4F7556}") = "TaskTracker", "TaskTracker.csproj", "{574CCA64-6543-463A-B6AB-A97D0FF4F14D}"
EndProject
Global
	GlobalSection(SolutionConfigurationPlatforms) = preSolution
		Debug|Any CPU = Debug|Any CPU
		Release|Any CPU = Release|Any CPU
	EndGlobalSection
	GlobalSection(ProjectConfigurationPlatforms) = postSolution
		{574CCA64-6543-463A-B6AB-A97D0FF4F14D}.Debug|Any CPU.ActiveCfg = Debug|Any CPU
		{574CCA64-6543-463A-B6AB-A97D0FF4F14D}.Debug|Any CPU.Build.0 = Debug|Any CPU
		{574CCA64-6543-463A-B6AB-A97D0FF4F14D}.Release|Any CPU.ActiveCfg = Release|Any CPU
		{574CCA64-6543-463A-B6AB-A97D0FF4F14D}.Release|Any CPU.Build.0 = Release|Any CPU
	EndGlobalSection
	GlobalSection(SolutionProperties) = preSolution
		HideSolutionNode = FALSE
	EndGlobalSection
	GlobalSection(ExtensibilityGlobals) = postSolution
		SolutionGuid = {DBBD9193-9975-4D5A-B11B-E4E108AF28D3}
	EndGlobalSection
EndGlobal
